// !$*UTF8*$!
{
	archiveVersion = 1;
	classes = {
	};
	objectVersion = 50;
	objects = {

/* Begin PBXBuildFile section */
		850398F3232198B50083666A /* AppDelegate.swift in Sources */ = {isa = PBXBuildFile; fileRef = 850398F2232198B50083666A /* AppDelegate.swift */; };
		850398F5232198B50083666A /* PokemonViewController.swift in Sources */ = {isa = PBXBuildFile; fileRef = 850398F4232198B50083666A /* PokemonViewController.swift */; };
		850398F8232198B50083666A /* Main.storyboard in Resources */ = {isa = PBXBuildFile; fileRef = 850398F6232198B50083666A /* Main.storyboard */; };
		850398FA232198B60083666A /* Assets.xcassets in Resources */ = {isa = PBXBuildFile; fileRef = 850398F9232198B60083666A /* Assets.xcassets */; };
		850398FD232198B60083666A /* LaunchScreen.storyboard in Resources */ = {isa = PBXBuildFile; fileRef = 850398FB232198B60083666A /* LaunchScreen.storyboard */; };
		85039908232198B60083666A /* LoadingImageLabTests.swift in Sources */ = {isa = PBXBuildFile; fileRef = 85039907232198B60083666A /* LoadingImageLabTests.swift */; };
		850399152321A4410083666A /* PokemonTableViewCell.swift in Sources */ = {isa = PBXBuildFile; fileRef = 850399142321A4410083666A /* PokemonTableViewCell.swift */; };
		850399172321A62B0083666A /* NetworkManager.swift in Sources */ = {isa = PBXBuildFile; fileRef = 850399162321A62B0083666A /* NetworkManager.swift */; };
		850399192321A68C0083666A /* AppError.swift in Sources */ = {isa = PBXBuildFile; fileRef = 850399182321A68C0083666A /* AppError.swift */; };
		8503991B2321A9F50083666A /* PokemonModel.swift in Sources */ = {isa = PBXBuildFile; fileRef = 8503991A2321A9F50083666A /* PokemonModel.swift */; };
		8503991D2321AE040083666A /* PokemonApiClient.swift in Sources */ = {isa = PBXBuildFile; fileRef = 8503991C2321AE040083666A /* PokemonApiClient.swift */; };
		8503991F2321AE4A0083666A /* ImageHelper.swift in Sources */ = {isa = PBXBuildFile; fileRef = 8503991E2321AE4A0083666A /* ImageHelper.swift */; };
		853E32C42322E78D00736A1D /* ComicModel.swift in Sources */ = {isa = PBXBuildFile; fileRef = 853E32C32322E78D00736A1D /* ComicModel.swift */; };
		853E32C62322EADC00736A1D /* ComicAPIClient.swift in Sources */ = {isa = PBXBuildFile; fileRef = 853E32C52322EADC00736A1D /* ComicAPIClient.swift */; };
		853E32C82322EEED00736A1D /* ComicViewController.swift in Sources */ = {isa = PBXBuildFile; fileRef = 853E32C72322EEED00736A1D /* ComicViewController.swift */; };
		853E32CA2323084C00736A1D /* RandomNumberGenerator.swift in Sources */ = {isa = PBXBuildFile; fileRef = 853E32C92323084C00736A1D /* RandomNumberGenerator.swift */; };
		85421A2D2321BD320080AD41 /* PokemonDetailedViewController.swift in Sources */ = {isa = PBXBuildFile; fileRef = 85421A2C2321BD320080AD41 /* PokemonDetailedViewController.swift */; };
		85421A342321F9800080AD41 /* RandomUserViewController.swift in Sources */ = {isa = PBXBuildFile; fileRef = 85421A332321F9800080AD41 /* RandomUserViewController.swift */; };
		85421A362321FBA00080AD41 /* RandomUserUITableViewCell.swift in Sources */ = {isa = PBXBuildFile; fileRef = 85421A352321FBA00080AD41 /* RandomUserUITableViewCell.swift */; };
		85421A382321FCBB0080AD41 /* RandomUserModel.swift in Sources */ = {isa = PBXBuildFile; fileRef = 85421A372321FCBB0080AD41 /* RandomUserModel.swift */; };
		85421A3A2321FCCF0080AD41 /* RandomUserAPIClient.swift in Sources */ = {isa = PBXBuildFile; fileRef = 85421A392321FCCF0080AD41 /* RandomUserAPIClient.swift */; };
		85421A3C23220B270080AD41 /* String-Extension.swift in Sources */ = {isa = PBXBuildFile; fileRef = 85421A3B23220B270080AD41 /* String-Extension.swift */; };
		85421A4023229A860080AD41 /* RandomUserDetailedViewController.swift in Sources */ = {isa = PBXBuildFile; fileRef = 85421A3F23229A860080AD41 /* RandomUserDetailedViewController.swift */; };
/* End PBXBuildFile section */

/* Begin PBXContainerItemProxy section */
		85039904232198B60083666A /* PBXContainerItemProxy */ = {
			isa = PBXContainerItemProxy;
			containerPortal = 850398E7232198B50083666A /* Project object */;
			proxyType = 1;
			remoteGlobalIDString = 850398EE232198B50083666A;
			remoteInfo = LoadingImageLab;
		};
/* End PBXContainerItemProxy section */

/* Begin PBXFileReference section */
		850398EF232198B50083666A /* LoadingImageLab.app */ = {isa = PBXFileReference; explicitFileType = wrapper.application; includeInIndex = 0; path = LoadingImageLab.app; sourceTree = BUILT_PRODUCTS_DIR; };
		850398F2232198B50083666A /* AppDelegate.swift */ = {isa = PBXFileReference; lastKnownFileType = sourcecode.swift; path = AppDelegate.swift; sourceTree = "<group>"; };
		850398F4232198B50083666A /* PokemonViewController.swift */ = {isa = PBXFileReference; lastKnownFileType = sourcecode.swift; path = PokemonViewController.swift; sourceTree = "<group>"; };
		850398F7232198B50083666A /* Base */ = {isa = PBXFileReference; lastKnownFileType = file.storyboard; name = Base; path = Base.lproj/Main.storyboard; sourceTree = "<group>"; };
		850398F9232198B60083666A /* Assets.xcassets */ = {isa = PBXFileReference; lastKnownFileType = folder.assetcatalog; path = Assets.xcassets; sourceTree = "<group>"; };
		850398FC232198B60083666A /* Base */ = {isa = PBXFileReference; lastKnownFileType = file.storyboard; name = Base; path = Base.lproj/LaunchScreen.storyboard; sourceTree = "<group>"; };
		850398FE232198B60083666A /* Info.plist */ = {isa = PBXFileReference; lastKnownFileType = text.plist.xml; path = Info.plist; sourceTree = "<group>"; };
		85039903232198B60083666A /* LoadingImageLabTests.xctest */ = {isa = PBXFileReference; explicitFileType = wrapper.cfbundle; includeInIndex = 0; path = LoadingImageLabTests.xctest; sourceTree = BUILT_PRODUCTS_DIR; };
		85039907232198B60083666A /* LoadingImageLabTests.swift */ = {isa = PBXFileReference; lastKnownFileType = sourcecode.swift; path = LoadingImageLabTests.swift; sourceTree = "<group>"; };
		85039909232198B60083666A /* Info.plist */ = {isa = PBXFileReference; lastKnownFileType = text.plist.xml; path = Info.plist; sourceTree = "<group>"; };
		850399142321A4410083666A /* PokemonTableViewCell.swift */ = {isa = PBXFileReference; lastKnownFileType = sourcecode.swift; path = PokemonTableViewCell.swift; sourceTree = "<group>"; };
		850399162321A62B0083666A /* NetworkManager.swift */ = {isa = PBXFileReference; lastKnownFileType = sourcecode.swift; path = NetworkManager.swift; sourceTree = "<group>"; };
		850399182321A68C0083666A /* AppError.swift */ = {isa = PBXFileReference; lastKnownFileType = sourcecode.swift; path = AppError.swift; sourceTree = "<group>"; };
		8503991A2321A9F50083666A /* PokemonModel.swift */ = {isa = PBXFileReference; lastKnownFileType = sourcecode.swift; path = PokemonModel.swift; sourceTree = "<group>"; };
		8503991C2321AE040083666A /* PokemonApiClient.swift */ = {isa = PBXFileReference; lastKnownFileType = sourcecode.swift; path = PokemonApiClient.swift; sourceTree = "<group>"; };
		8503991E2321AE4A0083666A /* ImageHelper.swift */ = {isa = PBXFileReference; lastKnownFileType = sourcecode.swift; path = ImageHelper.swift; sourceTree = "<group>"; };
		853E32C32322E78D00736A1D /* ComicModel.swift */ = {isa = PBXFileReference; lastKnownFileType = sourcecode.swift; path = ComicModel.swift; sourceTree = "<group>"; };
		853E32C52322EADC00736A1D /* ComicAPIClient.swift */ = {isa = PBXFileReference; lastKnownFileType = sourcecode.swift; path = ComicAPIClient.swift; sourceTree = "<group>"; };
		853E32C72322EEED00736A1D /* ComicViewController.swift */ = {isa = PBXFileReference; lastKnownFileType = sourcecode.swift; path = ComicViewController.swift; sourceTree = "<group>"; };
		853E32C92323084C00736A1D /* RandomNumberGenerator.swift */ = {isa = PBXFileReference; lastKnownFileType = sourcecode.swift; path = RandomNumberGenerator.swift; sourceTree = "<group>"; };
		85421A2C2321BD320080AD41 /* PokemonDetailedViewController.swift */ = {isa = PBXFileReference; lastKnownFileType = sourcecode.swift; path = PokemonDetailedViewController.swift; sourceTree = "<group>"; };
		85421A332321F9800080AD41 /* RandomUserViewController.swift */ = {isa = PBXFileReference; lastKnownFileType = sourcecode.swift; path = RandomUserViewController.swift; sourceTree = "<group>"; };
		85421A352321FBA00080AD41 /* RandomUserUITableViewCell.swift */ = {isa = PBXFileReference; lastKnownFileType = sourcecode.swift; path = RandomUserUITableViewCell.swift; sourceTree = "<group>"; };
		85421A372321FCBB0080AD41 /* RandomUserModel.swift */ = {isa = PBXFileReference; lastKnownFileType = sourcecode.swift; path = RandomUserModel.swift; sourceTree = "<group>"; };
		85421A392321FCCF0080AD41 /* RandomUserAPIClient.swift */ = {isa = PBXFileReference; lastKnownFileType = sourcecode.swift; path = RandomUserAPIClient.swift; sourceTree = "<group>"; };
		85421A3B23220B270080AD41 /* String-Extension.swift */ = {isa = PBXFileReference; lastKnownFileType = sourcecode.swift; path = "String-Extension.swift"; sourceTree = "<group>"; };
		85421A3F23229A860080AD41 /* RandomUserDetailedViewController.swift */ = {isa = PBXFileReference; lastKnownFileType = sourcecode.swift; path = RandomUserDetailedViewController.swift; sourceTree = "<group>"; };
/* End PBXFileReference section */

/* Begin PBXFrameworksBuildPhase section */
		850398EC232198B50083666A /* Frameworks */ = {
			isa = PBXFrameworksBuildPhase;
			buildActionMask = 2147483647;
			files = (
			);
			runOnlyForDeploymentPostprocessing = 0;
		};
		85039900232198B60083666A /* Frameworks */ = {
			isa = PBXFrameworksBuildPhase;
			buildActionMask = 2147483647;
			files = (
			);
			runOnlyForDeploymentPostprocessing = 0;
		};
/* End PBXFrameworksBuildPhase section */

/* Begin PBXGroup section */
		850398E6232198B50083666A = {
			isa = PBXGroup;
			children = (
				850398F1232198B50083666A /* LoadingImageLab */,
				85039906232198B60083666A /* LoadingImageLabTests */,
				850398F0232198B50083666A /* Products */,
			);
			sourceTree = "<group>";
		};
		850398F0232198B50083666A /* Products */ = {
			isa = PBXGroup;
			children = (
				850398EF232198B50083666A /* LoadingImageLab.app */,
				85039903232198B60083666A /* LoadingImageLabTests.xctest */,
			);
			name = Products;
			sourceTree = "<group>";
		};
		850398F1232198B50083666A /* LoadingImageLab */ = {
			isa = PBXGroup;
			children = (
				850398F2232198B50083666A /* AppDelegate.swift */,
				85421A2E2321BD3F0080AD41 /* View Controllers */,
				85421A2F2321BD560080AD41 /* TableView Cell */,
				850398F6232198B50083666A /* Main.storyboard */,
				853E32C92323084C00736A1D /* RandomNumberGenerator.swift */,
				85421A302321BD670080AD41 /* Models */,
				85421A312321BD770080AD41 /* APIClients */,
				85421A322321BD930080AD41 /* Helper Folder */,
				850398F9232198B60083666A /* Assets.xcassets */,
				850398FB232198B60083666A /* LaunchScreen.storyboard */,
				850398FE232198B60083666A /* Info.plist */,
			);
			path = LoadingImageLab;
			sourceTree = "<group>";
		};
		85039906232198B60083666A /* LoadingImageLabTests */ = {
			isa = PBXGroup;
			children = (
				85039907232198B60083666A /* LoadingImageLabTests.swift */,
				85039909232198B60083666A /* Info.plist */,
			);
			path = LoadingImageLabTests;
			sourceTree = "<group>";
		};
		85421A2E2321BD3F0080AD41 /* View Controllers */ = {
			isa = PBXGroup;
			children = (
				850398F4232198B50083666A /* PokemonViewController.swift */,
				85421A332321F9800080AD41 /* RandomUserViewController.swift */,
				85421A2C2321BD320080AD41 /* PokemonDetailedViewController.swift */,
				85421A3F23229A860080AD41 /* RandomUserDetailedViewController.swift */,
				853E32C72322EEED00736A1D /* ComicViewController.swift */,
			);
			path = "View Controllers";
			sourceTree = "<group>";
		};
		85421A2F2321BD560080AD41 /* TableView Cell */ = {
			isa = PBXGroup;
			children = (
				850399142321A4410083666A /* PokemonTableViewCell.swift */,
				85421A352321FBA00080AD41 /* RandomUserUITableViewCell.swift */,
			);
			path = "TableView Cell";
			sourceTree = "<group>";
		};
		85421A302321BD670080AD41 /* Models */ = {
			isa = PBXGroup;
			children = (
				8503991A2321A9F50083666A /* PokemonModel.swift */,
				85421A372321FCBB0080AD41 /* RandomUserModel.swift */,
				853E32C32322E78D00736A1D /* ComicModel.swift */,
			);
			path = Models;
			sourceTree = "<group>";
		};
		85421A312321BD770080AD41 /* APIClients */ = {
			isa = PBXGroup;
			children = (
				8503991C2321AE040083666A /* PokemonApiClient.swift */,
				85421A392321FCCF0080AD41 /* RandomUserAPIClient.swift */,
				853E32C52322EADC00736A1D /* ComicAPIClient.swift */,
			);
			path = APIClients;
			sourceTree = "<group>";
		};
		85421A322321BD930080AD41 /* Helper Folder */ = {
			isa = PBXGroup;
			children = (
				8503991E2321AE4A0083666A /* ImageHelper.swift */,
				850399162321A62B0083666A /* NetworkManager.swift */,
				850399182321A68C0083666A /* AppError.swift */,
				85421A3B23220B270080AD41 /* String-Extension.swift */,
			);
			path = "Helper Folder";
			sourceTree = "<group>";
		};
/* End PBXGroup section */

/* Begin PBXNativeTarget section */
		850398EE232198B50083666A /* LoadingImageLab */ = {
			isa = PBXNativeTarget;
			buildConfigurationList = 8503990C232198B60083666A /* Build configuration list for PBXNativeTarget "LoadingImageLab" */;
			buildPhases = (
				850398EB232198B50083666A /* Sources */,
				850398EC232198B50083666A /* Frameworks */,
				850398ED232198B50083666A /* Resources */,
			);
			buildRules = (
			);
			dependencies = (
			);
			name = LoadingImageLab;
			productName = LoadingImageLab;
			productReference = 850398EF232198B50083666A /* LoadingImageLab.app */;
			productType = "com.apple.product-type.application";
		};
		85039902232198B60083666A /* LoadingImageLabTests */ = {
			isa = PBXNativeTarget;
			buildConfigurationList = 8503990F232198B60083666A /* Build configuration list for PBXNativeTarget "LoadingImageLabTests" */;
			buildPhases = (
				850398FF232198B60083666A /* Sources */,
				85039900232198B60083666A /* Frameworks */,
				85039901232198B60083666A /* Resources */,
			);
			buildRules = (
			);
			dependencies = (
				85039905232198B60083666A /* PBXTargetDependency */,
			);
			name = LoadingImageLabTests;
			productName = LoadingImageLabTests;
			productReference = 85039903232198B60083666A /* LoadingImageLabTests.xctest */;
			productType = "com.apple.product-type.bundle.unit-test";
		};
/* End PBXNativeTarget section */

/* Begin PBXProject section */
		850398E7232198B50083666A /* Project object */ = {
			isa = PBXProject;
			attributes = {
				LastSwiftUpdateCheck = 1020;
				LastUpgradeCheck = 1020;
				ORGANIZATIONNAME = "Mr Wonderful";
				TargetAttributes = {
					850398EE232198B50083666A = {
						CreatedOnToolsVersion = 10.2.1;
					};
					85039902232198B60083666A = {
						CreatedOnToolsVersion = 10.2.1;
						TestTargetID = 850398EE232198B50083666A;
					};
				};
			};
			buildConfigurationList = 850398EA232198B50083666A /* Build configuration list for PBXProject "LoadingImageLab" */;
			compatibilityVersion = "Xcode 9.3";
			developmentRegion = en;
			hasScannedForEncodings = 0;
			knownRegions = (
				en,
				Base,
			);
			mainGroup = 850398E6232198B50083666A;
			productRefGroup = 850398F0232198B50083666A /* Products */;
			projectDirPath = "";
			projectRoot = "";
			targets = (
				850398EE232198B50083666A /* LoadingImageLab */,
				85039902232198B60083666A /* LoadingImageLabTests */,
			);
		};
/* End PBXProject section */

/* Begin PBXResourcesBuildPhase section */
		850398ED232198B50083666A /* Resources */ = {
			isa = PBXResourcesBuildPhase;
			buildActionMask = 2147483647;
			files = (
				850398FD232198B60083666A /* LaunchScreen.storyboard in Resources */,
				850398FA232198B60083666A /* Assets.xcassets in Resources */,
				850398F8232198B50083666A /* Main.storyboard in Resources */,
			);
			runOnlyForDeploymentPostprocessing = 0;
		};
		85039901232198B60083666A /* Resources */ = {
			isa = PBXResourcesBuildPhase;
			buildActionMask = 2147483647;
			files = (
			);
			runOnlyForDeploymentPostprocessing = 0;
		};
/* End PBXResourcesBuildPhase section */

/* Begin PBXSourcesBuildPhase section */
		850398EB232198B50083666A /* Sources */ = {
			isa = PBXSourcesBuildPhase;
			buildActionMask = 2147483647;
			files = (
				853E32C62322EADC00736A1D /* ComicAPIClient.swift in Sources */,
				850399172321A62B0083666A /* NetworkManager.swift in Sources */,
				853E32C82322EEED00736A1D /* ComicViewController.swift in Sources */,
				85421A4023229A860080AD41 /* RandomUserDetailedViewController.swift in Sources */,
				85421A382321FCBB0080AD41 /* RandomUserModel.swift in Sources */,
				8503991B2321A9F50083666A /* PokemonModel.swift in Sources */,
				85421A362321FBA00080AD41 /* RandomUserUITableViewCell.swift in Sources */,
				850399152321A4410083666A /* PokemonTableViewCell.swift in Sources */,
				85421A2D2321BD320080AD41 /* PokemonDetailedViewController.swift in Sources */,
				853E32C42322E78D00736A1D /* ComicModel.swift in Sources */,
				850399192321A68C0083666A /* AppError.swift in Sources */,
				850398F5232198B50083666A /* PokemonViewController.swift in Sources */,
				853E32CA2323084C00736A1D /* RandomNumberGenerator.swift in Sources */,
				85421A342321F9800080AD41 /* RandomUserViewController.swift in Sources */,
				850398F3232198B50083666A /* AppDelegate.swift in Sources */,
				8503991D2321AE040083666A /* PokemonApiClient.swift in Sources */,
				8503991F2321AE4A0083666A /* ImageHelper.swift in Sources */,
				85421A3C23220B270080AD41 /* String-Extension.swift in Sources */,
				85421A3A2321FCCF0080AD41 /* RandomUserAPIClient.swift in Sources */,
			);
			runOnlyForDeploymentPostprocessing = 0;
		};
		850398FF232198B60083666A /* Sources */ = {
			isa = PBXSourcesBuildPhase;
			buildActionMask = 2147483647;
			files = (
				85039908232198B60083666A /* LoadingImageLabTests.swift in Sources */,
			);
			runOnlyForDeploymentPostprocessing = 0;
		};
/* End PBXSourcesBuildPhase section */

/* Begin PBXTargetDependency section */
		85039905232198B60083666A /* PBXTargetDependency */ = {
			isa = PBXTargetDependency;
			target = 850398EE232198B50083666A /* LoadingImageLab */;
			targetProxy = 85039904232198B60083666A /* PBXContainerItemProxy */;
		};
/* End PBXTargetDependency section */

/* Begin PBXVariantGroup section */
		850398F6232198B50083666A /* Main.storyboard */ = {
			isa = PBXVariantGroup;
			children = (
				850398F7232198B50083666A /* Base */,
			);
			name = Main.storyboard;
			sourceTree = "<group>";
		};
		850398FB232198B60083666A /* LaunchScreen.storyboard */ = {
			isa = PBXVariantGroup;
			children = (
				850398FC232198B60083666A /* Base */,
			);
			name = LaunchScreen.storyboard;
			sourceTree = "<group>";
		};
/* End PBXVariantGroup section */

/* Begin XCBuildConfiguration section */
		8503990A232198B60083666A /* Debug */ = {
			isa = XCBuildConfiguration;
			buildSettings = {
				ALWAYS_SEARCH_USER_PATHS = NO;
				CLANG_ANALYZER_NONNULL = YES;
				CLANG_ANALYZER_NUMBER_OBJECT_CONVERSION = YES_AGGRESSIVE;
				CLANG_CXX_LANGUAGE_STANDARD = "gnu++14";
				CLANG_CXX_LIBRARY = "libc++";
				CLANG_ENABLE_MODULES = YES;
				CLANG_ENABLE_OBJC_ARC = YES;
				CLANG_ENABLE_OBJC_WEAK = YES;
				CLANG_WARN_BLOCK_CAPTURE_AUTORELEASING = YES;
				CLANG_WARN_BOOL_CONVERSION = YES;
				CLANG_WARN_COMMA = YES;
				CLANG_WARN_CONSTANT_CONVERSION = YES;
				CLANG_WARN_DEPRECATED_OBJC_IMPLEMENTATIONS = YES;
				CLANG_WARN_DIRECT_OBJC_ISA_USAGE = YES_ERROR;
				CLANG_WARN_DOCUMENTATION_COMMENTS = YES;
				CLANG_WARN_EMPTY_BODY = YES;
				CLANG_WARN_ENUM_CONVERSION = YES;
				CLANG_WARN_INFINITE_RECURSION = YES;
				CLANG_WARN_INT_CONVERSION = YES;
				CLANG_WARN_NON_LITERAL_NULL_CONVERSION = YES;
				CLANG_WARN_OBJC_IMPLICIT_RETAIN_SELF = YES;
				CLANG_WARN_OBJC_LITERAL_CONVERSION = YES;
				CLANG_WARN_OBJC_ROOT_CLASS = YES_ERROR;
				CLANG_WARN_RANGE_LOOP_ANALYSIS = YES;
				CLANG_WARN_STRICT_PROTOTYPES = YES;
				CLANG_WARN_SUSPICIOUS_MOVE = YES;
				CLANG_WARN_UNGUARDED_AVAILABILITY = YES_AGGRESSIVE;
				CLANG_WARN_UNREACHABLE_CODE = YES;
				CLANG_WARN__DUPLICATE_METHOD_MATCH = YES;
				CODE_SIGN_IDENTITY = "iPhone Developer";
				COPY_PHASE_STRIP = NO;
				DEBUG_INFORMATION_FORMAT = dwarf;
				ENABLE_STRICT_OBJC_MSGSEND = YES;
				ENABLE_TESTABILITY = YES;
				GCC_C_LANGUAGE_STANDARD = gnu11;
				GCC_DYNAMIC_NO_PIC = NO;
				GCC_NO_COMMON_BLOCKS = YES;
				GCC_OPTIMIZATION_LEVEL = 0;
				GCC_PREPROCESSOR_DEFINITIONS = (
					"DEBUG=1",
					"$(inherited)",
				);
				GCC_WARN_64_TO_32_BIT_CONVERSION = YES;
				GCC_WARN_ABOUT_RETURN_TYPE = YES_ERROR;
				GCC_WARN_UNDECLARED_SELECTOR = YES;
				GCC_WARN_UNINITIALIZED_AUTOS = YES_AGGRESSIVE;
				GCC_WARN_UNUSED_FUNCTION = YES;
				GCC_WARN_UNUSED_VARIABLE = YES;
				IPHONEOS_DEPLOYMENT_TARGET = 12.2;
				MTL_ENABLE_DEBUG_INFO = INCLUDE_SOURCE;
				MTL_FAST_MATH = YES;
				ONLY_ACTIVE_ARCH = YES;
				SDKROOT = iphoneos;
				SWIFT_ACTIVE_COMPILATION_CONDITIONS = DEBUG;
				SWIFT_OPTIMIZATION_LEVEL = "-Onone";
			};
			name = Debug;
		};
		8503990B232198B60083666A /* Release */ = {
			isa = XCBuildConfiguration;
			buildSettings = {
				ALWAYS_SEARCH_USER_PATHS = NO;
				CLANG_ANALYZER_NONNULL = YES;
				CLANG_ANALYZER_NUMBER_OBJECT_CONVERSION = YES_AGGRESSIVE;
				CLANG_CXX_LANGUAGE_STANDARD = "gnu++14";
				CLANG_CXX_LIBRARY = "libc++";
				CLANG_ENABLE_MODULES = YES;
				CLANG_ENABLE_OBJC_ARC = YES;
				CLANG_ENABLE_OBJC_WEAK = YES;
				CLANG_WARN_BLOCK_CAPTURE_AUTORELEASING = YES;
				CLANG_WARN_BOOL_CONVERSION = YES;
				CLANG_WARN_COMMA = YES;
				CLANG_WARN_CONSTANT_CONVERSION = YES;
				CLANG_WARN_DEPRECATED_OBJC_IMPLEMENTATIONS = YES;
				CLANG_WARN_DIRECT_OBJC_ISA_USAGE = YES_ERROR;
				CLANG_WARN_DOCUMENTATION_COMMENTS = YES;
				CLANG_WARN_EMPTY_BODY = YES;
				CLANG_WARN_ENUM_CONVERSION = YES;
				CLANG_WARN_INFINITE_RECURSION = YES;
				CLANG_WARN_INT_CONVERSION = YES;
				CLANG_WARN_NON_LITERAL_NULL_CONVERSION = YES;
				CLANG_WARN_OBJC_IMPLICIT_RETAIN_SELF = YES;
				CLANG_WARN_OBJC_LITERAL_CONVERSION = YES;
				CLANG_WARN_OBJC_ROOT_CLASS = YES_ERROR;
				CLANG_WARN_RANGE_LOOP_ANALYSIS = YES;
				CLANG_WARN_STRICT_PROTOTYPES = YES;
				CLANG_WARN_SUSPICIOUS_MOVE = YES;
				CLANG_WARN_UNGUARDED_AVAILABILITY = YES_AGGRESSIVE;
				CLANG_WARN_UNREACHABLE_CODE = YES;
				CLANG_WARN__DUPLICATE_METHOD_MATCH = YES;
				CODE_SIGN_IDENTITY = "iPhone Developer";
				COPY_PHASE_STRIP = NO;
				DEBUG_INFORMATION_FORMAT = "dwarf-with-dsym";
				ENABLE_NS_ASSERTIONS = NO;
				ENABLE_STRICT_OBJC_MSGSEND = YES;
				GCC_C_LANGUAGE_STANDARD = gnu11;
				GCC_NO_COMMON_BLOCKS = YES;
				GCC_WARN_64_TO_32_BIT_CONVERSION = YES;
				GCC_WARN_ABOUT_RETURN_TYPE = YES_ERROR;
				GCC_WARN_UNDECLARED_SELECTOR = YES;
				GCC_WARN_UNINITIALIZED_AUTOS = YES_AGGRESSIVE;
				GCC_WARN_UNUSED_FUNCTION = YES;
				GCC_WARN_UNUSED_VARIABLE = YES;
				IPHONEOS_DEPLOYMENT_TARGET = 12.2;
				MTL_ENABLE_DEBUG_INFO = NO;
				MTL_FAST_MATH = YES;
				SDKROOT = iphoneos;
				SWIFT_COMPILATION_MODE = wholemodule;
				SWIFT_OPTIMIZATION_LEVEL = "-O";
				VALIDATE_PRODUCT = YES;
			};
			name = Release;
		};
		8503990D232198B60083666A /* Debug */ = {
			isa = XCBuildConfiguration;
			buildSettings = {
				ASSETCATALOG_COMPILER_APPICON_NAME = AppIcon;
				CODE_SIGN_STYLE = Automatic;
				INFOPLIST_FILE = LoadingImageLab/Info.plist;
				LD_RUNPATH_SEARCH_PATHS = (
					"$(inherited)",
					"@executable_path/Frameworks",
				);
				PRODUCT_BUNDLE_IDENTIFIER = myApps.LoadingImageLab;
				PRODUCT_NAME = "$(TARGET_NAME)";
				SWIFT_VERSION = 5.0;
				TARGETED_DEVICE_FAMILY = "1,2";
			};
			name = Debug;
		};
		8503990E232198B60083666A /* Release */ = {
			isa = XCBuildConfiguration;
			buildSettings = {
				ASSETCATALOG_COMPILER_APPICON_NAME = AppIcon;
				CODE_SIGN_STYLE = Automatic;
				INFOPLIST_FILE = LoadingImageLab/Info.plist;
				LD_RUNPATH_SEARCH_PATHS = (
					"$(inherited)",
					"@executable_path/Frameworks",
				);
				PRODUCT_BUNDLE_IDENTIFIER = myApps.LoadingImageLab;
				PRODUCT_NAME = "$(TARGET_NAME)";
				SWIFT_VERSION = 5.0;
				TARGETED_DEVICE_FAMILY = "1,2";
			};
			name = Release;
		};
		85039910232198B60083666A /* Debug */ = {
			isa = XCBuildConfiguration;
			buildSettings = {
				ALWAYS_EMBED_SWIFT_STANDARD_LIBRARIES = YES;
				BUNDLE_LOADER = "$(TEST_HOST)";
				CODE_SIGN_STYLE = Automatic;
				INFOPLIST_FILE = LoadingImageLabTests/Info.plist;
				LD_RUNPATH_SEARCH_PATHS = (
					"$(inherited)",
					"@executable_path/Frameworks",
					"@loader_path/Frameworks",
				);
				PRODUCT_BUNDLE_IDENTIFIER = myApps.LoadingImageLabTests;
				PRODUCT_NAME = "$(TARGET_NAME)";
				SWIFT_VERSION = 5.0;
				TARGETED_DEVICE_FAMILY = "1,2";
				TEST_HOST = "$(BUILT_PRODUCTS_DIR)/LoadingImageLab.app/LoadingImageLab";
			};
			name = Debug;
		};
		85039911232198B60083666A /* Release */ = {
			isa = XCBuildConfiguration;
			buildSettings = {
				ALWAYS_EMBED_SWIFT_STANDARD_LIBRARIES = YES;
				BUNDLE_LOADER = "$(TEST_HOST)";
				CODE_SIGN_STYLE = Automatic;
				INFOPLIST_FILE = LoadingImageLabTests/Info.plist;
				LD_RUNPATH_SEARCH_PATHS = (
					"$(inherited)",
					"@executable_path/Frameworks",
					"@loader_path/Frameworks",
				);
				PRODUCT_BUNDLE_IDENTIFIER = myApps.LoadingImageLabTests;
				PRODUCT_NAME = "$(TARGET_NAME)";
				SWIFT_VERSION = 5.0;
				TARGETED_DEVICE_FAMILY = "1,2";
				TEST_HOST = "$(BUILT_PRODUCTS_DIR)/LoadingImageLab.app/LoadingImageLab";
			};
			name = Release;
		};
/* End XCBuildConfiguration section */

/* Begin XCConfigurationList section */
		850398EA232198B50083666A /* Build configuration list for PBXProject "LoadingImageLab" */ = {
			isa = XCConfigurationList;
			buildConfigurations = (
				8503990A232198B60083666A /* Debug */,
				8503990B232198B60083666A /* Release */,
			);
			defaultConfigurationIsVisible = 0;
			defaultConfigurationName = Release;
		};
		8503990C232198B60083666A /* Build configuration list for PBXNativeTarget "LoadingImageLab" */ = {
			isa = XCConfigurationList;
			buildConfigurations = (
				8503990D232198B60083666A /* Debug */,
				8503990E232198B60083666A /* Release */,
			);
			defaultConfigurationIsVisible = 0;
			defaultConfigurationName = Release;
		};
		8503990F232198B60083666A /* Build configuration list for PBXNativeTarget "LoadingImageLabTests" */ = {
			isa = XCConfigurationList;
			buildConfigurations = (
				85039910232198B60083666A /* Debug */,
				85039911232198B60083666A /* Release */,
			);
			defaultConfigurationIsVisible = 0;
			defaultConfigurationName = Release;
		};
/* End XCConfigurationList section */
	};
	rootObject = 850398E7232198B50083666A /* Project object */;
}
